
Microsoft Visual Studio Solution File, Format Version 12.00
Project("{2150E333-8FDC-42A3-9474-1A3956D46DE8}") = "Infrastructure", "Infrastructure", "{005EEB00-DF6B-46B7-8CD2-5722FA330EDF}"
EndProject
Project("{2150E333-8FDC-42A3-9474-1A3956D46DE8}") = "Common", "Common", "{B2321423-05E9-4C31-AC27-7F5986ADD933}"
EndProject
Project("{2150E333-8FDC-42A3-9474-1A3956D46DE8}") = "src", "src", "{453F2CAE-99B9-42CE-98BC-1656EC0561AB}"
EndProject
Project("{2150E333-8FDC-42A3-9474-1A3956D46DE8}") = "Tests", "Tests", "{7108C94E-1A8E-41B4-886D-3E49192C3AD2}"
EndProject
Project("{FAE04EC0-301F-11D3-BF4B-00C04F79EFBC}") = "Nova.Friend.Domain", "src\Nova.Friend.Domain\Nova.Friend.Domain.csproj", "{559DC607-A319-4EA0-91FA-C23CDF4D0D17}"
EndProject
Project("{FAE04EC0-301F-11D3-BF4B-00C04F79EFBC}") = "Nova.Friend.Application", "src\Nova.Friend.Application\Nova.Friend.Application.csproj", "{6C0E20B6-4FC5-4705-8806-EA055B5ABFBB}"
EndProject
Project("{FAE04EC0-301F-11D3-BF4B-00C04F79EFBC}") = "Nova.Friend.Infrastructure", "src\Nova.Friend.Infrastructure\Nova.Friend.Infrastructure.csproj", "{4869CF17-F1C6-4904-B36D-760281B6055D}"
EndProject
Project("{FAE04EC0-301F-11D3-BF4B-00C04F79EFBC}") = "Nova.Friend.HttpModels", "src\Nova.Friend.HttpModels\Nova.Friend.HttpModels.csproj", "{9695E2ED-6DC9-447B-AB53-764876F780CF}"
EndProject
Project("{FAE04EC0-301F-11D3-BF4B-00C04F79EFBC}") = "Nova.Friend.DependencyInjection", "src\Nova.Friend.DependencyInjection\Nova.Friend.DependencyInjection.csproj", "{DAAAD658-33B3-48A5-B364-0BF4BF9670C0}"
EndProject
Project("{FAE04EC0-301F-11D3-BF4B-00C04F79EFBC}") = "Nova.Friend.Api", "src\Nova.Friend.Api\Nova.Friend.Api.csproj", "{DB191997-D99F-4009-A65E-3144D242F1AB}"
EndProject
Project("{FAE04EC0-301F-11D3-BF4B-00C04F79EFBC}") = "Nova.Friend.Domain.Tests", "tests\Nova.Friend.Domain.Tests\Nova.Friend.Domain.Tests.csproj", "{25B47A8C-B2F7-48BA-9052-F570B72486C9}"
EndProject
Project("{FAE04EC0-301F-11D3-BF4B-00C04F79EFBC}") = "Nova.Friend.IntegrationTests", "tests\Nova.Friend.IntegrationTests\Nova.Friend.IntegrationTests.csproj", "{4CC002D2-9F3D-4B79-BD23-79516D48D99C}"
EndProject
Project("{FAE04EC0-301F-11D3-BF4B-00C04F79EFBC}") = "Nova.Friend.E2E", "tests\Nova.Friend.E2E\Nova.Friend.E2E.csproj", "{6E4063B4-351C-402C-837F-7B7EFB0C13AC}"
EndProject
Project("{FAE04EC0-301F-11D3-BF4B-00C04F79EFBC}") = "DomainDrivenDesign.Abstractions", "common\DomainDrivenDesign.Abstractions\DomainDrivenDesign.Abstractions.csproj", "{AB7B9DE7-F858-4C61-825F-FA6915C89593}"
EndProject
Global
	GlobalSection(SolutionConfigurationPlatforms) = preSolution
		Debug|Any CPU = Debug|Any CPU
		Release|Any CPU = Release|Any CPU
	EndGlobalSection
	GlobalSection(NestedProjects) = preSolution
		{559DC607-A319-4EA0-91FA-C23CDF4D0D17} = {453F2CAE-99B9-42CE-98BC-1656EC0561AB}
		{6C0E20B6-4FC5-4705-8806-EA055B5ABFBB} = {453F2CAE-99B9-42CE-98BC-1656EC0561AB}
		{4869CF17-F1C6-4904-B36D-760281B6055D} = {453F2CAE-99B9-42CE-98BC-1656EC0561AB}
		{9695E2ED-6DC9-447B-AB53-764876F780CF} = {453F2CAE-99B9-42CE-98BC-1656EC0561AB}
		{DAAAD658-33B3-48A5-B364-0BF4BF9670C0} = {453F2CAE-99B9-42CE-98BC-1656EC0561AB}
		{DB191997-D99F-4009-A65E-3144D242F1AB} = {453F2CAE-99B9-42CE-98BC-1656EC0561AB}
		{25B47A8C-B2F7-48BA-9052-F570B72486C9} = {7108C94E-1A8E-41B4-886D-3E49192C3AD2}
		{4CC002D2-9F3D-4B79-BD23-79516D48D99C} = {7108C94E-1A8E-41B4-886D-3E49192C3AD2}
		{6E4063B4-351C-402C-837F-7B7EFB0C13AC} = {7108C94E-1A8E-41B4-886D-3E49192C3AD2}
		{AB7B9DE7-F858-4C61-825F-FA6915C89593} = {B2321423-05E9-4C31-AC27-7F5986ADD933}
	EndGlobalSection
	GlobalSection(ProjectConfigurationPlatforms) = postSolution
		{559DC607-A319-4EA0-91FA-C23CDF4D0D17}.Debug|Any CPU.ActiveCfg = Debug|Any CPU
		{559DC607-A319-4EA0-91FA-C23CDF4D0D17}.Debug|Any CPU.Build.0 = Debug|Any CPU
		{559DC607-A319-4EA0-91FA-C23CDF4D0D17}.Release|Any CPU.ActiveCfg = Release|Any CPU
		{559DC607-A319-4EA0-91FA-C23CDF4D0D17}.Release|Any CPU.Build.0 = Release|Any CPU
		{6C0E20B6-4FC5-4705-8806-EA055B5ABFBB}.Debug|Any CPU.ActiveCfg = Debug|Any CPU
		{6C0E20B6-4FC5-4705-8806-EA055B5ABFBB}.Debug|Any CPU.Build.0 = Debug|Any CPU
		{6C0E20B6-4FC5-4705-8806-EA055B5ABFBB}.Release|Any CPU.ActiveCfg = Release|Any CPU
		{6C0E20B6-4FC5-4705-8806-EA055B5ABFBB}.Release|Any CPU.Build.0 = Release|Any CPU
		{4869CF17-F1C6-4904-B36D-760281B6055D}.Debug|Any CPU.ActiveCfg = Debug|Any CPU
		{4869CF17-F1C6-4904-B36D-760281B6055D}.Debug|Any CPU.Build.0 = Debug|Any CPU
		{4869CF17-F1C6-4904-B36D-760281B6055D}.Release|Any CPU.ActiveCfg = Release|Any CPU
		{4869CF17-F1C6-4904-B36D-760281B6055D}.Release|Any CPU.Build.0 = Release|Any CPU
		{9695E2ED-6DC9-447B-AB53-764876F780CF}.Debug|Any CPU.ActiveCfg = Debug|Any CPU
		{9695E2ED-6DC9-447B-AB53-764876F780CF}.Debug|Any CPU.Build.0 = Debug|Any CPU
		{9695E2ED-6DC9-447B-AB53-764876F780CF}.Release|Any CPU.ActiveCfg = Release|Any CPU
		{9695E2ED-6DC9-447B-AB53-764876F780CF}.Release|Any CPU.Build.0 = Release|Any CPU
		{DAAAD658-33B3-48A5-B364-0BF4BF9670C0}.Debug|Any CPU.ActiveCfg = Debug|Any CPU
		{DAAAD658-33B3-48A5-B364-0BF4BF9670C0}.Debug|Any CPU.Build.0 = Debug|Any CPU
		{DAAAD658-33B3-48A5-B364-0BF4BF9670C0}.Release|Any CPU.ActiveCfg = Release|Any CPU
		{DAAAD658-33B3-48A5-B364-0BF4BF9670C0}.Release|Any CPU.Build.0 = Release|Any CPU
		{DB191997-D99F-4009-A65E-3144D242F1AB}.Debug|Any CPU.ActiveCfg = Debug|Any CPU
		{DB191997-D99F-4009-A65E-3144D242F1AB}.Debug|Any CPU.Build.0 = Debug|Any CPU
		{DB191997-D99F-4009-A65E-3144D242F1AB}.Release|Any CPU.ActiveCfg = Release|Any CPU
		{DB191997-D99F-4009-A65E-3144D242F1AB}.Release|Any CPU.Build.0 = Release|Any CPU
		{25B47A8C-B2F7-48BA-9052-F570B72486C9}.Debug|Any CPU.ActiveCfg = Debug|Any CPU
		{25B47A8C-B2F7-48BA-9052-F570B72486C9}.Debug|Any CPU.Build.0 = Debug|Any CPU
		{25B47A8C-B2F7-48BA-9052-F570B72486C9}.Release|Any CPU.ActiveCfg = Release|Any CPU
		{25B47A8C-B2F7-48BA-9052-F570B72486C9}.Release|Any CPU.Build.0 = Release|Any CPU
		{4CC002D2-9F3D-4B79-BD23-79516D48D99C}.Debug|Any CPU.ActiveCfg = Debug|Any CPU
		{4CC002D2-9F3D-4B79-BD23-79516D48D99C}.Debug|Any CPU.Build.0 = Debug|Any CPU
		{4CC002D2-9F3D-4B79-BD23-79516D48D99C}.Release|Any CPU.ActiveCfg = Release|Any CPU
		{4CC002D2-9F3D-4B79-BD23-79516D48D99C}.Release|Any CPU.Build.0 = Release|Any CPU
		{6E4063B4-351C-402C-837F-7B7EFB0C13AC}.Debug|Any CPU.ActiveCfg = Debug|Any CPU
		{6E4063B4-351C-402C-837F-7B7EFB0C13AC}.Debug|Any CPU.Build.0 = Debug|Any CPU
		{6E4063B4-351C-402C-837F-7B7EFB0C13AC}.Release|Any CPU.ActiveCfg = Release|Any CPU
		{6E4063B4-351C-402C-837F-7B7EFB0C13AC}.Release|Any CPU.Build.0 = Release|Any CPU
		{AB7B9DE7-F858-4C61-825F-FA6915C89593}.Debug|Any CPU.ActiveCfg = Debug|Any CPU
		{AB7B9DE7-F858-4C61-825F-FA6915C89593}.Debug|Any CPU.Build.0 = Debug|Any CPU
		{AB7B9DE7-F858-4C61-825F-FA6915C89593}.Release|Any CPU.ActiveCfg = Release|Any CPU
		{AB7B9DE7-F858-4C61-825F-FA6915C89593}.Release|Any CPU.Build.0 = Release|Any CPU
	EndGlobalSection
EndGlobal
