
Microsoft Visual Studio Solution File, Format Version 12.00
Project("{2150E333-8FDC-42A3-9474-1A3956D46DE8}") = "Infrastructure", "Infrastructure", "{005EEB00-DF6B-46B7-8CD2-5722FA330EDF}"
EndProject
Project("{2150E333-8FDC-42A3-9474-1A3956D46DE8}") = "Common", "Common", "{B2321423-05E9-4C31-AC27-7F5986ADD933}"
EndProject
Project("{2150E333-8FDC-42A3-9474-1A3956D46DE8}") = "src", "src", "{7280E29E-23A9-4823-9598-62D7F48CBBB9}"
EndProject
Project("{2150E333-8FDC-42A3-9474-1A3956D46DE8}") = "Tests", "Tests", "{5C5549A1-5FB0-480E-A4FA-DAC6DD0600E4}"
EndProject
Project("{FAE04EC0-301F-11D3-BF4B-00C04F79EFBC}") = "Nova.Friend.Domain.Tests", "src\tests\Nova.Friend.Domain.Tests\Nova.Friend.Domain.Tests.csproj", "{2CC6CAC9-8C83-45F8-8526-FD0D08E46CC5}"
EndProject
Project("{FAE04EC0-301F-11D3-BF4B-00C04F79EFBC}") = "Nova.Friend.Application.Tests", "src\tests\Nova.Friend.Application.Tests\Nova.Friend.Application.Tests.csproj", "{A8BCC134-8F4A-4AF4-BC85-CDB3C0CD8821}"
EndProject
Project("{FAE04EC0-301F-11D3-BF4B-00C04F79EFBC}") = "Nova.Friend.Domain", "src\src\Nova.Friend.Domain\Nova.Friend.Domain.csproj", "{DE2E1F6B-1F76-407C-BB2F-25BAFCAFF498}"
EndProject
Project("{FAE04EC0-301F-11D3-BF4B-00C04F79EFBC}") = "Nova.Friend.Application", "src\src\Nova.Friend.Application\Nova.Friend.Application.csproj", "{6CB80D73-6D70-4F2E-8825-C2D0CE92370E}"
EndProject
Project("{FAE04EC0-301F-11D3-BF4B-00C04F79EFBC}") = "Nova.Friend.Infrastructure", "src\src\Nova.Friend.Infrastructure\Nova.Friend.Infrastructure.csproj", "{BB6ACA5F-B162-4D85-80A6-E6BEE39BC05E}"
EndProject
Project("{FAE04EC0-301F-11D3-BF4B-00C04F79EFBC}") = "Nova.Friend.Api", "src\src\Nova.Friend.Api\Nova.Friend.Api.csproj", "{E2D543CE-BC16-4F1B-9B05-0648641CC6B1}"
EndProject
Project("{FAE04EC0-301F-11D3-BF4B-00C04F79EFBC}") = "Nova.Friend.Domain.HttpModels", "src\src\Nova.Friend.Domain.HttpModels\Nova.Friend.Domain.HttpModels.csproj", "{30488AFD-4788-4127-BB0F-D34ED18BA51A}"
EndProject
Project("{FAE04EC0-301F-11D3-BF4B-00C04F79EFBC}") = "Nova.Friend.DependencyInjection", "src\src\Nova.Friend.DependencyInjection\Nova.Friend.DependencyInjection.csproj", "{F8A2ECED-428C-4D0C-8A0B-906913695206}"
EndProject
Global
	GlobalSection(SolutionConfigurationPlatforms) = preSolution
		Debug|Any CPU = Debug|Any CPU
		Release|Any CPU = Release|Any CPU
	EndGlobalSection
	GlobalSection(NestedProjects) = preSolution
		{2CC6CAC9-8C83-45F8-8526-FD0D08E46CC5} = {5C5549A1-5FB0-480E-A4FA-DAC6DD0600E4}
		{A8BCC134-8F4A-4AF4-BC85-CDB3C0CD8821} = {5C5549A1-5FB0-480E-A4FA-DAC6DD0600E4}
		{DE2E1F6B-1F76-407C-BB2F-25BAFCAFF498} = {7280E29E-23A9-4823-9598-62D7F48CBBB9}
		{6CB80D73-6D70-4F2E-8825-C2D0CE92370E} = {7280E29E-23A9-4823-9598-62D7F48CBBB9}
		{BB6ACA5F-B162-4D85-80A6-E6BEE39BC05E} = {7280E29E-23A9-4823-9598-62D7F48CBBB9}
		{E2D543CE-BC16-4F1B-9B05-0648641CC6B1} = {7280E29E-23A9-4823-9598-62D7F48CBBB9}
		{30488AFD-4788-4127-BB0F-D34ED18BA51A} = {7280E29E-23A9-4823-9598-62D7F48CBBB9}
		{F8A2ECED-428C-4D0C-8A0B-906913695206} = {7280E29E-23A9-4823-9598-62D7F48CBBB9}
	EndGlobalSection
	GlobalSection(ProjectConfigurationPlatforms) = postSolution
		{2CC6CAC9-8C83-45F8-8526-FD0D08E46CC5}.Debug|Any CPU.ActiveCfg = Debug|Any CPU
		{2CC6CAC9-8C83-45F8-8526-FD0D08E46CC5}.Debug|Any CPU.Build.0 = Debug|Any CPU
		{2CC6CAC9-8C83-45F8-8526-FD0D08E46CC5}.Release|Any CPU.ActiveCfg = Release|Any CPU
		{2CC6CAC9-8C83-45F8-8526-FD0D08E46CC5}.Release|Any CPU.Build.0 = Release|Any CPU
		{A8BCC134-8F4A-4AF4-BC85-CDB3C0CD8821}.Debug|Any CPU.ActiveCfg = Debug|Any CPU
		{A8BCC134-8F4A-4AF4-BC85-CDB3C0CD8821}.Debug|Any CPU.Build.0 = Debug|Any CPU
		{A8BCC134-8F4A-4AF4-BC85-CDB3C0CD8821}.Release|Any CPU.ActiveCfg = Release|Any CPU
		{A8BCC134-8F4A-4AF4-BC85-CDB3C0CD8821}.Release|Any CPU.Build.0 = Release|Any CPU
		{DE2E1F6B-1F76-407C-BB2F-25BAFCAFF498}.Debug|Any CPU.ActiveCfg = Debug|Any CPU
		{DE2E1F6B-1F76-407C-BB2F-25BAFCAFF498}.Debug|Any CPU.Build.0 = Debug|Any CPU
		{DE2E1F6B-1F76-407C-BB2F-25BAFCAFF498}.Release|Any CPU.ActiveCfg = Release|Any CPU
		{DE2E1F6B-1F76-407C-BB2F-25BAFCAFF498}.Release|Any CPU.Build.0 = Release|Any CPU
		{6CB80D73-6D70-4F2E-8825-C2D0CE92370E}.Debug|Any CPU.ActiveCfg = Debug|Any CPU
		{6CB80D73-6D70-4F2E-8825-C2D0CE92370E}.Debug|Any CPU.Build.0 = Debug|Any CPU
		{6CB80D73-6D70-4F2E-8825-C2D0CE92370E}.Release|Any CPU.ActiveCfg = Release|Any CPU
		{6CB80D73-6D70-4F2E-8825-C2D0CE92370E}.Release|Any CPU.Build.0 = Release|Any CPU
		{BB6ACA5F-B162-4D85-80A6-E6BEE39BC05E}.Debug|Any CPU.ActiveCfg = Debug|Any CPU
		{BB6ACA5F-B162-4D85-80A6-E6BEE39BC05E}.Debug|Any CPU.Build.0 = Debug|Any CPU
		{BB6ACA5F-B162-4D85-80A6-E6BEE39BC05E}.Release|Any CPU.ActiveCfg = Release|Any CPU
		{BB6ACA5F-B162-4D85-80A6-E6BEE39BC05E}.Release|Any CPU.Build.0 = Release|Any CPU
		{E2D543CE-BC16-4F1B-9B05-0648641CC6B1}.Debug|Any CPU.ActiveCfg = Debug|Any CPU
		{E2D543CE-BC16-4F1B-9B05-0648641CC6B1}.Debug|Any CPU.Build.0 = Debug|Any CPU
		{E2D543CE-BC16-4F1B-9B05-0648641CC6B1}.Release|Any CPU.ActiveCfg = Release|Any CPU
		{E2D543CE-BC16-4F1B-9B05-0648641CC6B1}.Release|Any CPU.Build.0 = Release|Any CPU
		{30488AFD-4788-4127-BB0F-D34ED18BA51A}.Debug|Any CPU.ActiveCfg = Debug|Any CPU
		{30488AFD-4788-4127-BB0F-D34ED18BA51A}.Debug|Any CPU.Build.0 = Debug|Any CPU
		{30488AFD-4788-4127-BB0F-D34ED18BA51A}.Release|Any CPU.ActiveCfg = Release|Any CPU
		{30488AFD-4788-4127-BB0F-D34ED18BA51A}.Release|Any CPU.Build.0 = Release|Any CPU
		{F8A2ECED-428C-4D0C-8A0B-906913695206}.Debug|Any CPU.ActiveCfg = Debug|Any CPU
		{F8A2ECED-428C-4D0C-8A0B-906913695206}.Debug|Any CPU.Build.0 = Debug|Any CPU
		{F8A2ECED-428C-4D0C-8A0B-906913695206}.Release|Any CPU.ActiveCfg = Release|Any CPU
		{F8A2ECED-428C-4D0C-8A0B-906913695206}.Release|Any CPU.Build.0 = Release|Any CPU
	EndGlobalSection
EndGlobal
